PODS:
  - Flutter (1.0.0)
  - flutter_plugin_android_lifecycle (0.0.1):
    - Flutter
  - image_picker (0.0.1):
    - Flutter
  - path_provider (0.0.1):
    - Flutter
  - path_provider_linux (0.0.1):
    - Flutter
  - path_provider_macos (0.0.1):
    - Flutter
  - path_provider_windows (0.0.1):
    - Flutter
  - url_launcher (0.0.1):
    - Flutter
  - url_launcher_linux (0.0.1):
    - Flutter
  - url_launcher_macos (0.0.1):
    - Flutter
  - url_launcher_web (0.0.1):
    - Flutter
  - url_launcher_windows (0.0.1):
    - Flutter

DEPENDENCIES:
  - Flutter (from `Flutter`)
  - flutter_plugin_android_lifecycle (from `.symlinks/plugins/flutter_plugin_android_lifecycle/ios`)
  - image_picker (from `.symlinks/plugins/image_picker/ios`)
  - path_provider (from `.symlinks/plugins/path_provider/ios`)
  - path_provider_linux (from `.symlinks/plugins/path_provider_linux/ios`)
  - path_provider_macos (from `.symlinks/plugins/path_provider_macos/ios`)
  - path_provider_windows (from `.symlinks/plugins/path_provider_windows/ios`)
  - url_launcher (from `.symlinks/plugins/url_launcher/ios`)
  - url_launcher_linux (from `.symlinks/plugins/url_launcher_linux/ios`)
  - url_launcher_macos (from `.symlinks/plugins/url_launcher_macos/ios`)
  - url_launcher_web (from `.symlinks/plugins/url_launcher_web/ios`)
  - url_launcher_windows (from `.symlinks/plugins/url_launcher_windows/ios`)

EXTERNAL SOURCES:
  Flutter:
    :path: Flutter
  flutter_plugin_android_lifecycle:
    :path: ".symlinks/plugins/flutter_plugin_android_lifecycle/ios"
  image_picker:
    :path: ".symlinks/plugins/image_picker/ios"
  path_provider:
    :path: ".symlinks/plugins/path_provider/ios"
  path_provider_linux:
    :path: ".symlinks/plugins/path_provider_linux/ios"
  path_provider_macos:
    :path: ".symlinks/plugins/path_provider_macos/ios"
  path_provider_windows:
    :path: ".symlinks/plugins/path_provider_windows/ios"
  url_launcher:
    :path: ".symlinks/plugins/url_launcher/ios"
  url_launcher_linux:
    :path: ".symlinks/plugins/url_launcher_linux/ios"
  url_launcher_macos:
    :path: ".symlinks/plugins/url_launcher_macos/ios"
  url_launcher_web:
    :path: ".symlinks/plugins/url_launcher_web/ios"
  url_launcher_windows:
    :path: ".symlinks/plugins/url_launcher_windows/ios"

SPEC CHECKSUMS:
  Flutter: 0e3d915762c693b495b44d77113d4970485de6ec
  flutter_plugin_android_lifecycle: dc0b544e129eebb77a6bfb1239d4d1c673a60a35
  image_picker: 9c3312491f862b28d21ecd8fdf0ee14e601b3f09
  path_provider: abfe2b5c733d04e238b0d8691db0cfd63a27a93c
  path_provider_linux: 4d630dc393e1f20364f3e3b4a2ff41d9674a84e4
  path_provider_macos: f760a3c5b04357c380e2fddb6f9db6f3015897e0
  path_provider_windows: a2b81600c677ac1959367280991971cb9a1edb3b
  url_launcher: 6fef411d543ceb26efce54b05a0a40bfd74cbbef
  url_launcher_linux: ac237cb7a8058736e4aae38bdbcc748a4b394cc0
  url_launcher_macos: fd7894421cd39320dce5f292fc99ea9270b2a313
  url_launcher_web: e5527357f037c87560776e36436bf2b0288b965c
  url_launcher_windows: 683d7c283894db8d1914d3ab2223b20cc1ad95d5

PODFILE CHECKSUM: c34e2287a9ccaa606aeceab922830efb9a6ff69a

COCOAPODS: 1.9.3
